
Microsoft Visual Studio Solution File, Format Version 12.00
# Visual Studio Version 16
VisualStudioVersion = 25.0.1705.0
MinimumVisualStudioVersion = 10.0.40219.1
Project("{FAE04EC0-301F-11D3-BF4B-00C04F79EFBC}") = "450MIST", "450MIST\450MIST.csproj", "{2F1AB2C3-8290-4A23-B0C2-9E75EA91EC88}"
EndProject
Global
	GlobalSection(SolutionConfigurationPlatforms) = preSolution
		Debug|Any CPU = Debug|Any CPU
		Release|Any CPU = Release|Any CPU
	EndGlobalSection
	GlobalSection(ProjectConfigurationPlatforms) = postSolution
		{2F1AB2C3-8290-4A23-B0C2-9E75EA91EC88}.Debug|Any CPU.ActiveCfg = Debug|Any CPU
		{2F1AB2C3-8290-4A23-B0C2-9E75EA91EC88}.Debug|Any CPU.Build.0 = Debug|Any CPU
		{2F1AB2C3-8290-4A23-B0C2-9E75EA91EC88}.Release|Any CPU.ActiveCfg = Release|Any CPU
		{2F1AB2C3-8290-4A23-B0C2-9E75EA91EC88}.Release|Any CPU.Build.0 = Release|Any CPU
	EndGlobalSection
	GlobalSection(SolutionProperties) = preSolution
		HideSolutionNode = FALSE
	EndGlobalSection
	GlobalSection(ExtensibilityGlobals) = postSolution
		SolutionGuid = {C3F99023-030A-4ACB-BECB-36F35B027AF0}
	EndGlobalSection
EndGlobal
